{
  "name": "uniswap-v2-integration",
  "version": "1.0.0",
  "lockfileVersion": 1,
  "requires": true,
  "dependencies": {
    "@ethersproject/abi": {
      "version": "5.0.12",
      "resolved": "https://registry.npmjs.org/@ethersproject/abi/-/abi-5.0.12.tgz",
      "integrity": "sha512-Ujr/3bwyYYjXLDQfebeiiTuvOw9XtUKM8av6YkoBeMXyGQM9GkjrQlwJMNwGTmqjATH/ZNbRgCh98GjOLiIB1Q==",
      "requires": {
        "@ethersproject/address": "^5.0.9",
        "@ethersproject/bignumber": "^5.0.13",
        "@ethersproject/bytes": "^5.0.9",
        "@ethersproject/constants": "^5.0.8",
        "@ethersproject/hash": "^5.0.10",
        "@ethersproject/keccak256": "^5.0.7",
        "@ethersproject/logger": "^5.0.8",
        "@ethersproject/properties": "^5.0.7",
        "@ethersproject/strings": "^5.0.8"
      }
    },
    "@ethersproject/abstract-provider": {
      "version": "5.0.9",
      "resolved": "https://registry.npmjs.org/@ethersproject/abstract-provider/-/abstract-provider-5.0.9.tgz",
      "integrity": "sha512-X9fMkqpeu9ayC3JyBkeeZhn35P4xQkpGX/l+FrxDtEW9tybf/UWXSMi8bGThpPtfJ6q6U2LDetXSpSwK4TfYQQ==",
      "requires": {
        "@ethersproject/bignumber": "^5.0.13",
        "@ethersproject/bytes": "^5.0.9",
        "@ethersproject/logger": "^5.0.8",
        "@ethersproject/networks": "^5.0.7",
        "@ethersproject/properties": "^5.0.7",
        "@ethersproject/transactions": "^5.0.9",
        "@ethersproject/web": "^5.0.12"
      }
    },
    "@ethersproject/abstract-signer": {
      "version": "5.0.13",
      "resolved": "https://registry.npmjs.org/@ethersproject/abstract-signer/-/abstract-signer-5.0.13.tgz",
      "integrity": "sha512-VBIZEI5OK0TURoCYyw0t3w+TEO4kdwnI9wvt4kqUwyxSn3YCRpXYVl0Xoe7XBR/e5+nYOi2MyFGJ3tsFwONecQ==",
      "requires": {
        "@ethersproject/abstract-provider": "^5.0.8",
        "@ethersproject/bignumber": "^5.0.13",
        "@ethersproject/bytes": "^5.0.9",
        "@ethersproject/logger": "^5.0.8",
        "@ethersproject/properties": "^5.0.7"
      }
    },
    "@ethersproject/address": {
      "version": "5.0.10",
      "resolved": "https://registry.npmjs.org/@ethersproject/address/-/address-5.0.10.tgz",
      "integrity": "sha512-70vqESmW5Srua1kMDIN6uVfdneZMaMyRYH4qPvkAXGkbicrCOsA9m01vIloA4wYiiF+HLEfL1ENKdn5jb9xiAw==",
      "requires": {
        "@ethersproject/bignumber": "^5.0.13",
        "@ethersproject/bytes": "^5.0.9",
        "@ethersproject/keccak256": "^5.0.7",
        "@ethersproject/logger": "^5.0.8",
        "@ethersproject/rlp": "^5.0.7"
      }
    },
    "@ethersproject/base64": {
      "version": "5.0.8",
      "resolved": "https://registry.npmjs.org/@ethersproject/base64/-/base64-5.0.8.tgz",
      "integrity": "sha512-PNbpHOMgZpZ1skvQl119pV2YkCPXmZTxw+T92qX0z7zaMFPypXWTZBzim+hUceb//zx4DFjeGT4aSjZRTOYThg==",
      "requires": {
        "@ethersproject/bytes": "^5.0.9"
      }
    },
    "@ethersproject/basex": {
      "version": "5.0.8",
      "resolved": "https://registry.npmjs.org/@ethersproject/basex/-/basex-5.0.8.tgz",
      "integrity": "sha512-PCVKZIShBQUqAXjJSvaCidThPvL0jaaQZcewJc0sf8Xx05BizaOS8r3jdPdpNdY+/qZtRDqwHTSKjvR/xssyLQ==",
      "requires": {
        "@ethersproject/bytes": "^5.0.9",
        "@ethersproject/properties": "^5.0.7"
      }
    },
    "@ethersproject/bignumber": {
      "version": "5.0.14",
      "resolved": "https://registry.npmjs.org/@ethersproject/bignumber/-/bignumber-5.0.14.tgz",
      "integrity": "sha512-Q4TjMq9Gg3Xzj0aeJWqJgI3tdEiPiET7Y5OtNtjTAODZ2kp4y9jMNg97zVcvPedFvGROdpGDyCI77JDFodUzOw==",
      "requires": {
        "@ethersproject/bytes": "^5.0.9",
        "@ethersproject/logger": "^5.0.8",
        "bn.js": "^4.4.0"
      }
    },
    "@ethersproject/bytes": {
      "version": "5.0.10",
      "resolved": "https://registry.npmjs.org/@ethersproject/bytes/-/bytes-5.0.10.tgz",
      "integrity": "sha512-vpu0v1LZ1j1s9kERQIMnVU69MyHEzUff7nqK9XuCU4vx+AM8n9lU2gj7jtJIvGSt9HzatK/6I6bWusI5nyuaTA==",
      "requires": {
        "@ethersproject/logger": "^5.0.8"
      }
    },
    "@ethersproject/constants": {
      "version": "5.0.9",
      "resolved": "https://registry.npmjs.org/@ethersproject/constants/-/constants-5.0.9.tgz",
      "integrity": "sha512-2uAKH89UcaJP/Sc+54u92BtJtZ4cPgcS1p0YbB1L3tlkavwNvth+kNCUplIB1Becqs7BOZr0B/3dMNjhJDy4Dg==",
      "requires": {
        "@ethersproject/bignumber": "^5.0.13"
      }
    },
    "@ethersproject/contracts": {
      "version": "5.0.11",
      "resolved": "https://registry.npmjs.org/@ethersproject/contracts/-/contracts-5.0.11.tgz",
      "integrity": "sha512-FTUUd/6x00dYL2VufE2VowZ7h3mAyBfCQMGwI3tKDIWka+C0CunllFiKrlYCdiHFuVeMotR65dIcnzbLn72MCw==",
      "requires": {
        "@ethersproject/abi": "^5.0.10",
        "@ethersproject/abstract-provider": "^5.0.8",
        "@ethersproject/abstract-signer": "^5.0.10",
        "@ethersproject/address": "^5.0.9",
        "@ethersproject/bignumber": "^5.0.13",
        "@ethersproject/bytes": "^5.0.9",
        "@ethersproject/constants": "^5.0.8",
        "@ethersproject/logger": "^5.0.8",
        "@ethersproject/properties": "^5.0.7"
      }
    },
    "@ethersproject/hash": {
      "version": "5.0.11",
      "resolved": "https://registry.npmjs.org/@ethersproject/hash/-/hash-5.0.11.tgz",
      "integrity": "sha512-H3KJ9fk33XWJ2djAW03IL7fg3DsDMYjO1XijiUb1hJ85vYfhvxu0OmsU7d3tg2Uv1H1kFSo8ghr3WFQ8c+NL3g==",
      "requires": {
        "@ethersproject/abstract-signer": "^5.0.10",
        "@ethersproject/address": "^5.0.9",
        "@ethersproject/bignumber": "^5.0.13",
        "@ethersproject/bytes": "^5.0.9",
        "@ethersproject/keccak256": "^5.0.7",
        "@ethersproject/logger": "^5.0.8",
        "@ethersproject/properties": "^5.0.7",
        "@ethersproject/strings": "^5.0.8"
      }
    },
    "@ethersproject/keccak256": {
      "version": "5.0.8",
      "resolved": "https://registry.npmjs.org/@ethersproject/keccak256/-/keccak256-5.0.8.tgz",
      "integrity": "sha512-zoGbwXcWWs9MX4NOAZ7N0hhgIRl4Q/IO/u9c/RHRY4WqDy3Ywm0OLamEV53QDwhjwn3YiiVwU1Ve5j7yJ0a/KQ==",
      "requires": {
        "@ethersproject/bytes": "^5.0.9",
        "js-sha3": "0.5.7"
      }
    },
    "@ethersproject/logger": {
      "version": "5.0.9",
      "resolved": "https://registry.npmjs.org/@ethersproject/logger/-/logger-5.0.9.tgz",
      "integrity": "sha512-kV3Uamv3XOH99Xf3kpIG3ZkS7mBNYcLDM00JSDtNgNB4BihuyxpQzIZPRIDmRi+95Z/R1Bb0X2kUNHa/kJoVrw=="
    },
    "@ethersproject/networks": {
      "version": "5.0.8",
      "resolved": "https://registry.npmjs.org/@ethersproject/networks/-/networks-5.0.8.tgz",
      "integrity": "sha512-PYpptlO2Tu5f/JEBI5hdlMds5k1DY1QwVbh3LKPb3un9dQA2bC51vd2/gRWAgSBpF3kkmZOj4FhD7ATLX4H+DA==",
      "requires": {
        "@ethersproject/logger": "^5.0.8"
      }
    },
    "@ethersproject/properties": {
      "version": "5.0.8",
      "resolved": "https://registry.npmjs.org/@ethersproject/properties/-/properties-5.0.8.tgz",
      "integrity": "sha512-zEnLMze2Eu2VDPj/05QwCwMKHh506gpT9PP9KPVd4dDB+5d6AcROUYVLoIIQgBYK7X/Gw0UJmG3oVtnxOQafAw==",
      "requires": {
        "@ethersproject/logger": "^5.0.8"
      }
    },
    "@ethersproject/providers": {
      "version": "5.0.23",
      "resolved": "https://registry.npmjs.org/@ethersproject/providers/-/providers-5.0.23.tgz",
      "integrity": "sha512-eJ94z2tgPaUgUmxwd3BVkIzkgkbNIkY6wRPVas04LVaBTycObQbgj794aaUu2bfk7+Bn2B/gjUZtJW1ybxh9/A==",
      "requires": {
        "@ethersproject/abstract-provider": "^5.0.8",
        "@ethersproject/abstract-signer": "^5.0.10",
        "@ethersproject/address": "^5.0.9",
        "@ethersproject/basex": "^5.0.7",
        "@ethersproject/bignumber": "^5.0.13",
        "@ethersproject/bytes": "^5.0.9",
        "@ethersproject/constants": "^5.0.8",
        "@ethersproject/hash": "^5.0.10",
        "@ethersproject/logger": "^5.0.8",
        "@ethersproject/networks": "^5.0.7",
        "@ethersproject/properties": "^5.0.7",
        "@ethersproject/random": "^5.0.7",
        "@ethersproject/rlp": "^5.0.7",
        "@ethersproject/sha2": "^5.0.7",
        "@ethersproject/strings": "^5.0.8",
        "@ethersproject/transactions": "^5.0.9",
        "@ethersproject/web": "^5.0.12",
        "bech32": "1.1.4",
        "ws": "7.2.3"
      }
    },
    "@ethersproject/random": {
      "version": "5.0.8",
      "resolved": "https://registry.npmjs.org/@ethersproject/random/-/random-5.0.8.tgz",
      "integrity": "sha512-4rHtotmd9NjklW0eDvByicEkL+qareIyFSbG1ShC8tPJJSAC0g55oQWzw+3nfdRCgBHRuEE7S8EcPcTVPvZ9cA==",
      "requires": {
        "@ethersproject/bytes": "^5.0.9",
        "@ethersproject/logger": "^5.0.8"
      }
    },
    "@ethersproject/rlp": {
      "version": "5.0.8",
      "resolved": "https://registry.npmjs.org/@ethersproject/rlp/-/rlp-5.0.8.tgz",
      "integrity": "sha512-E4wdFs8xRNJfzNHmnkC8w5fPeT4Wd1U2cust3YeT16/46iSkLT8nn8ilidC6KhR7hfuSZE4UqSPzyk76p7cdZg==",
      "requires": {
        "@ethersproject/bytes": "^5.0.9",
        "@ethersproject/logger": "^5.0.8"
      }
    },
    "@ethersproject/sha2": {
      "version": "5.0.8",
      "resolved": "https://registry.npmjs.org/@ethersproject/sha2/-/sha2-5.0.8.tgz",
      "integrity": "sha512-ILP1ZgyvDj4rrdE+AXrTv9V88m7x87uga2VZ/FeULKPumOEw/4bGnJz/oQ8zDnDvVYRCJ+48VaQBS2CFLbk1ww==",
      "requires": {
        "@ethersproject/bytes": "^5.0.9",
        "@ethersproject/logger": "^5.0.8",
        "hash.js": "1.1.3"
      }
    },
    "@ethersproject/signing-key": {
      "version": "5.0.10",
      "resolved": "https://registry.npmjs.org/@ethersproject/signing-key/-/signing-key-5.0.10.tgz",
      "integrity": "sha512-w5it3GbFOvN6e0mTd5gDNj+bwSe6L9jqqYjU+uaYS8/hAEp4qYLk5p8ZjbJJkNn7u1p0iwocp8X9oH/OdK8apA==",
      "requires": {
        "@ethersproject/bytes": "^5.0.9",
        "@ethersproject/logger": "^5.0.8",
        "@ethersproject/properties": "^5.0.7",
        "elliptic": "6.5.4"
      }
    },
    "@ethersproject/solidity": {
      "version": "5.0.9",
      "resolved": "https://registry.npmjs.org/@ethersproject/solidity/-/solidity-5.0.9.tgz",
      "integrity": "sha512-LIxSAYEQgLRXE3mRPCq39ou61kqP8fDrGqEeNcaNJS3aLbmAOS8MZp56uK++WsdI9hj8sNsFh78hrAa6zR9Jag==",
      "requires": {
        "@ethersproject/bignumber": "^5.0.13",
        "@ethersproject/bytes": "^5.0.9",
        "@ethersproject/keccak256": "^5.0.7",
        "@ethersproject/sha2": "^5.0.7",
        "@ethersproject/strings": "^5.0.8"
      }
    },
    "@ethersproject/strings": {
      "version": "5.0.9",
      "resolved": "https://registry.npmjs.org/@ethersproject/strings/-/strings-5.0.9.tgz",
      "integrity": "sha512-ogxBpcUpdO524CYs841MoJHgHxEPUy0bJFDS4Ezg8My+WYVMfVAOlZSLss0Rurbeeam8CpUVDzM4zUn09SU66Q==",
      "requires": {
        "@ethersproject/bytes": "^5.0.9",
        "@ethersproject/constants": "^5.0.8",
        "@ethersproject/logger": "^5.0.8"
      }
    },
    "@ethersproject/transactions": {
      "version": "5.0.10",
      "resolved": "https://registry.npmjs.org/@ethersproject/transactions/-/transactions-5.0.10.tgz",
      "integrity": "sha512-Tqpp+vKYQyQdJQQk4M73tDzO7ODf2D42/sJOcKlDAAbdSni13v6a+31hUdo02qYXhVYwIs+ZjHnO4zKv5BNk8w==",
      "requires": {
        "@ethersproject/address": "^5.0.9",
        "@ethersproject/bignumber": "^5.0.13",
        "@ethersproject/bytes": "^5.0.9",
        "@ethersproject/constants": "^5.0.8",
        "@ethersproject/keccak256": "^5.0.7",
        "@ethersproject/logger": "^5.0.8",
        "@ethersproject/properties": "^5.0.7",
        "@ethersproject/rlp": "^5.0.7",
        "@ethersproject/signing-key": "^5.0.8"
      }
    },
    "@ethersproject/web": {
      "version": "5.0.13",
      "resolved": "https://registry.npmjs.org/@ethersproject/web/-/web-5.0.13.tgz",
      "integrity": "sha512-G3x/Ns7pQm21ALnWLbdBI5XkW/jrsbXXffI9hKNPHqf59mTxHYtlNiSwxdoTSwCef3Hn7uvGZpaSgTyxs7IufQ==",
      "requires": {
        "@ethersproject/base64": "^5.0.7",
        "@ethersproject/bytes": "^5.0.9",
        "@ethersproject/logger": "^5.0.8",
        "@ethersproject/properties": "^5.0.7",
        "@ethersproject/strings": "^5.0.8"
      }
    },
    "@uniswap/sdk": {
      "version": "3.0.3",
      "resolved": "https://registry.npmjs.org/@uniswap/sdk/-/sdk-3.0.3.tgz",
      "integrity": "sha512-t4s8bvzaCFSiqD2qfXIm3rWhbdnXp+QjD3/mRaeVDHK7zWevs6RGEb1ohMiNgOCTZANvBayb4j8p+XFdnMBadQ==",
      "requires": {
        "@uniswap/v2-core": "^1.0.0",
        "big.js": "^5.2.2",
        "decimal.js-light": "^2.5.0",
        "jsbi": "^3.1.1",
        "tiny-invariant": "^1.1.0",
        "tiny-warning": "^1.0.3",
        "toformat": "^2.0.0"
      }
    },
    "@uniswap/v2-core": {
      "version": "1.0.1",
      "resolved": "https://registry.npmjs.org/@uniswap/v2-core/-/v2-core-1.0.1.tgz",
      "integrity": "sha512-MtybtkUPSyysqLY2U210NBDeCHX+ltHt3oADGdjqoThZaFRDKwM6k1Nb3F0A3hk5hwuQvytFWhrWHOEq6nVJ8Q=="
    },
    "bech32": {
      "version": "1.1.4",
      "resolved": "https://registry.npmjs.org/bech32/-/bech32-1.1.4.tgz",
      "integrity": "sha512-s0IrSOzLlbvX7yp4WBfPITzpAU8sqQcpsmwXDiKwrG4r491vwCO/XpejasRNl0piBMe/DvP4Tz0mIS/X1DPJBQ=="
    },
    "big.js": {
      "version": "5.2.2",
      "resolved": "https://registry.npmjs.org/big.js/-/big.js-5.2.2.tgz",
      "integrity": "sha512-vyL2OymJxmarO8gxMr0mhChsO9QGwhynfuu4+MHTAW6czfq9humCB7rKpUjDd9YUiDPU4mzpyupFSvOClAwbmQ=="
    },
    "bn.js": {
      "version": "4.12.0",
      "resolved": "https://registry.npmjs.org/bn.js/-/bn.js-4.12.0.tgz",
      "integrity": "sha512-c98Bf3tPniI+scsdk237ku1Dc3ujXQTSgyiPUDEOe7tRkhrqridvh8klBv0HCEso1OLOYcHuCv/cS6DNxKH+ZA=="
    },
    "brorand": {
      "version": "1.1.0",
      "resolved": "https://registry.npmjs.org/brorand/-/brorand-1.1.0.tgz",
      "integrity": "sha1-EsJe/kCkXjwyPrhnWgoM5XsiNx8="
    },
    "decimal.js-light": {
      "version": "2.5.1",
      "resolved": "https://registry.npmjs.org/decimal.js-light/-/decimal.js-light-2.5.1.tgz",
      "integrity": "sha512-qIMFpTMZmny+MMIitAB6D7iVPEorVw6YQRWkvarTkT4tBeSLLiHzcwj6q0MmYSFCiVpiqPJTJEYIrpcPzVEIvg=="
    },
    "elliptic": {
      "version": "6.5.4",
      "resolved": "https://registry.npmjs.org/elliptic/-/elliptic-6.5.4.tgz",
      "integrity": "sha512-iLhC6ULemrljPZb+QutR5TQGB+pdW6KGD5RSegS+8sorOZT+rdQFbsQFJgvN3eRqNALqJer4oQ16YvJHlU8hzQ==",
      "requires": {
        "bn.js": "^4.11.9",
        "brorand": "^1.1.0",
        "hash.js": "^1.0.0",
        "hmac-drbg": "^1.0.1",
        "inherits": "^2.0.4",
        "minimalistic-assert": "^1.0.1",
        "minimalistic-crypto-utils": "^1.0.1"
      }
    },
    "hash.js": {
      "version": "1.1.3",
      "resolved": "https://registry.npmjs.org/hash.js/-/hash.js-1.1.3.tgz",
      "integrity": "sha512-/UETyP0W22QILqS+6HowevwhEFJ3MBJnwTf75Qob9Wz9t0DPuisL8kW8YZMK62dHAKE1c1p+gY1TtOLY+USEHA==",
      "requires": {
        "inherits": "^2.0.3",
        "minimalistic-assert": "^1.0.0"
      }
    },
    "hmac-drbg": {
      "version": "1.0.1",
      "resolved": "https://registry.npmjs.org/hmac-drbg/-/hmac-drbg-1.0.1.tgz",
      "integrity": "sha1-0nRXAQJabHdabFRXk+1QL8DGSaE=",
      "requires": {
        "hash.js": "^1.0.3",
        "minimalistic-assert": "^1.0.0",
        "minimalistic-crypto-utils": "^1.0.1"
      }
    },
    "inherits": {
      "version": "2.0.4",
      "resolved": "https://registry.npmjs.org/inherits/-/inherits-2.0.4.tgz",
      "integrity": "sha512-k/vGaX4/Yla3WzyMCvTQOXYeIHvqOKtnqBduzTHpzpQZzAskKMhZ2K+EnBiSM9zGSoIFeMpXKxa4dYeZIQqewQ=="
    },
    "js-sha3": {
      "version": "0.5.7",
      "resolved": "https://registry.npmjs.org/js-sha3/-/js-sha3-0.5.7.tgz",
      "integrity": "sha1-DU/9gALVMzqrr0oj7tL2N0yfKOc="
    },
    "jsbi": {
      "version": "3.1.4",
      "resolved": "https://registry.npmjs.org/jsbi/-/jsbi-3.1.4.tgz",
      "integrity": "sha512-52QRRFSsi9impURE8ZUbzAMCLjPm4THO7H2fcuIvaaeFTbSysvkodbQQXIVsNgq/ypDbq6dJiuGKL0vZ/i9hUg=="
    },
    "minimalistic-assert": {
      "version": "1.0.1",
      "resolved": "https://registry.npmjs.org/minimalistic-assert/-/minimalistic-assert-1.0.1.tgz",
      "integrity": "sha512-UtJcAD4yEaGtjPezWuO9wC4nwUnVH/8/Im3yEHQP4b67cXlD/Qr9hdITCU1xDbSEXg2XKNaP8jsReV7vQd00/A=="
    },
    "minimalistic-crypto-utils": {
      "version": "1.0.1",
      "resolved": "https://registry.npmjs.org/minimalistic-crypto-utils/-/minimalistic-crypto-utils-1.0.1.tgz",
      "integrity": "sha1-9sAMHAsIIkblxNmd+4x8CDsrWCo="
    },
    "tiny-invariant": {
      "version": "1.1.0",
      "resolved": "https://registry.npmjs.org/tiny-invariant/-/tiny-invariant-1.1.0.tgz",
      "integrity": "sha512-ytxQvrb1cPc9WBEI/HSeYYoGD0kWnGEOR8RY6KomWLBVhqz0RgTwVO9dLrGz7dC+nN9llyI7OKAgRq8Vq4ZBSw=="
    },
    "tiny-warning": {
      "version": "1.0.3",
      "resolved": "https://registry.npmjs.org/tiny-warning/-/tiny-warning-1.0.3.tgz",
      "integrity": "sha512-lBN9zLN/oAf68o3zNXYrdCt1kP8WsiGW8Oo2ka41b2IM5JL/S1CTyX1rW0mb/zSuJun0ZUrDxx4sqvYS2FWzPA=="
    },
    "toformat": {
      "version": "2.0.0",
      "resolved": "https://registry.npmjs.org/toformat/-/toformat-2.0.0.tgz",
      "integrity": "sha512-03SWBVop6nU8bpyZCx7SodpYznbZF5R4ljwNLBcTQzKOD9xuihRo/psX58llS1BMFhhAI08H3luot5GoXJz2pQ=="
    },
    "ws": {
      "version": "7.2.3",
      "resolved": "https://registry.npmjs.org/ws/-/ws-7.2.3.tgz",
      "integrity": "sha512-HTDl9G9hbkNDk98naoR/cHDws7+EyYMOdL1BmjsZXRUjf7d+MficC4B7HLUPlSiho0vg+CWKrGIt/VJBd1xunQ=="
    }
  }
}
